
Microsoft Visual Studio Solution File, Format Version 12.00
# Visual Studio Version 17
VisualStudioVersion = 17.4.33205.214
MinimumVisualStudioVersion = 10.0.40219.1
Project("{FAE04EC0-301F-11D3-BF4B-00C04F79EFBC}") = "ATM_HM46", "ATM_HM46\ATM_HM46.csproj", "{043C679C-C4D2-49AD-97D5-707839266D3A}"
EndProject
Global
	GlobalSection(SolutionConfigurationPlatforms) = preSolution
		Debug|Any CPU = Debug|Any CPU
		Release|Any CPU = Release|Any CPU
	EndGlobalSection
	GlobalSection(ProjectConfigurationPlatforms) = postSolution
		{043C679C-C4D2-49AD-97D5-707839266D3A}.Debug|Any CPU.ActiveCfg = Debug|Any CPU
		{043C679C-C4D2-49AD-97D5-707839266D3A}.Debug|Any CPU.Build.0 = Debug|Any CPU
		{043C679C-C4D2-49AD-97D5-707839266D3A}.Release|Any CPU.ActiveCfg = Release|Any CPU
		{043C679C-C4D2-49AD-97D5-707839266D3A}.Release|Any CPU.Build.0 = Release|Any CPU
	EndGlobalSection
	GlobalSection(SolutionProperties) = preSolution
		HideSolutionNode = FALSE
	EndGlobalSection
	GlobalSection(ExtensibilityGlobals) = postSolution
		SolutionGuid = {E4106227-781E-4FF0-B803-9CFFF426CC4E}
	EndGlobalSection
EndGlobal
